
Microsoft Visual Studio Solution File, Format Version 12.00
# Visual Studio Version 17
VisualStudioVersion = 17.5.002.0
MinimumVisualStudioVersion = 10.0.40219.1
Project("{9A19103F-16F7-4668-BE54-9A1E7A4F7556}") = "TGC.MonoGame.TPZero", "TGC.MonoGame.TPZero.csproj", "{D16C275C-225B-42F5-A0CE-BB3EA114D41C}"
EndProject
Global
	GlobalSection(SolutionConfigurationPlatforms) = preSolution
		Debug|Any CPU = Debug|Any CPU
		Release|Any CPU = Release|Any CPU
	EndGlobalSection
	GlobalSection(ProjectConfigurationPlatforms) = postSolution
		{D16C275C-225B-42F5-A0CE-BB3EA114D41C}.Debug|Any CPU.ActiveCfg = Debug|Any CPU
		{D16C275C-225B-42F5-A0CE-BB3EA114D41C}.Debug|Any CPU.Build.0 = Debug|Any CPU
		{D16C275C-225B-42F5-A0CE-BB3EA114D41C}.Release|Any CPU.ActiveCfg = Release|Any CPU
		{D16C275C-225B-42F5-A0CE-BB3EA114D41C}.Release|Any CPU.Build.0 = Release|Any CPU
	EndGlobalSection
	GlobalSection(SolutionProperties) = preSolution
		HideSolutionNode = FALSE
	EndGlobalSection
	GlobalSection(ExtensibilityGlobals) = postSolution
		SolutionGuid = {11D77245-1EAE-4CBB-8712-25CBFD1F95BA}
	EndGlobalSection
EndGlobal
